
Microsoft Visual Studio Solution File, Format Version 12.00
# Visual Studio Version 16
VisualStudioVersion = 16.0.31829.152
MinimumVisualStudioVersion = 10.0.40219.1
Project("{9A19103F-16F7-4668-BE54-9A1E7A4F7556}") = "21集合的三个练习", "21集合的三个练习.csproj", "{CFA93538-B03E-4701-A392-387F9D3F3910}"
EndProject
Project("{FAE04EC0-301F-11D3-BF4B-00C04F79EFBC}") = "22FileStream", "..\22FileStream\22FileStream.csproj", "{6E3AAD80-B541-490A-A65E-195D45361CE2}"
EndProject
Global
	GlobalSection(SolutionConfigurationPlatforms) = preSolution
		Debug|Any CPU = Debug|Any CPU
		Release|Any CPU = Release|Any CPU
	EndGlobalSection
	GlobalSection(ProjectConfigurationPlatforms) = postSolution
		{CFA93538-B03E-4701-A392-387F9D3F3910}.Debug|Any CPU.ActiveCfg = Debug|Any CPU
		{CFA93538-B03E-4701-A392-387F9D3F3910}.Debug|Any CPU.Build.0 = Debug|Any CPU
		{CFA93538-B03E-4701-A392-387F9D3F3910}.Release|Any CPU.ActiveCfg = Release|Any CPU
		{CFA93538-B03E-4701-A392-387F9D3F3910}.Release|Any CPU.Build.0 = Release|Any CPU
		{6E3AAD80-B541-490A-A65E-195D45361CE2}.Debug|Any CPU.ActiveCfg = Debug|Any CPU
		{6E3AAD80-B541-490A-A65E-195D45361CE2}.Debug|Any CPU.Build.0 = Debug|Any CPU
		{6E3AAD80-B541-490A-A65E-195D45361CE2}.Release|Any CPU.ActiveCfg = Release|Any CPU
		{6E3AAD80-B541-490A-A65E-195D45361CE2}.Release|Any CPU.Build.0 = Release|Any CPU
	EndGlobalSection
	GlobalSection(SolutionProperties) = preSolution
		HideSolutionNode = FALSE
	EndGlobalSection
	GlobalSection(ExtensibilityGlobals) = postSolution
		SolutionGuid = {538C18B8-7C87-4A21-9EBC-50540DF1E25C}
	EndGlobalSection
EndGlobal
